
Microsoft Visual Studio Solution File, Format Version 12.00
# Visual Studio 14
VisualStudioVersion = 14.0.25420.1
MinimumVisualStudioVersion = 10.0.40219.1
Project("{FAE04EC0-301F-11D3-BF4B-00C04F79EFBC}") = "TestWindowsService", "TestWindowsService\TestWindowsService.csproj", "{B1823C16-3432-4DCC-8DFD-D4DFD0B75733}"
EndProject
Project("{FAE04EC0-301F-11D3-BF4B-00C04F79EFBC}") = "TestExchangeWithServer", "TestExchangeWithServer\TestExchangeWithServer.csproj", "{ABA83FD0-D461-4920-85F1-AA2249791EF6}"
EndProject
Global
	GlobalSection(SolutionConfigurationPlatforms) = preSolution
		Debug|Any CPU = Debug|Any CPU
		Release|Any CPU = Release|Any CPU
	EndGlobalSection
	GlobalSection(ProjectConfigurationPlatforms) = postSolution
		{B1823C16-3432-4DCC-8DFD-D4DFD0B75733}.Debug|Any CPU.ActiveCfg = Debug|Any CPU
		{B1823C16-3432-4DCC-8DFD-D4DFD0B75733}.Debug|Any CPU.Build.0 = Debug|Any CPU
		{B1823C16-3432-4DCC-8DFD-D4DFD0B75733}.Release|Any CPU.ActiveCfg = Release|Any CPU
		{B1823C16-3432-4DCC-8DFD-D4DFD0B75733}.Release|Any CPU.Build.0 = Release|Any CPU
		{ABA83FD0-D461-4920-85F1-AA2249791EF6}.Debug|Any CPU.ActiveCfg = Debug|Any CPU
		{ABA83FD0-D461-4920-85F1-AA2249791EF6}.Debug|Any CPU.Build.0 = Debug|Any CPU
		{ABA83FD0-D461-4920-85F1-AA2249791EF6}.Release|Any CPU.ActiveCfg = Release|Any CPU
		{ABA83FD0-D461-4920-85F1-AA2249791EF6}.Release|Any CPU.Build.0 = Release|Any CPU
	EndGlobalSection
	GlobalSection(SolutionProperties) = preSolution
		HideSolutionNode = FALSE
	EndGlobalSection
EndGlobal
